
Microsoft Visual Studio Solution File, Format Version 12.00
# Visual Studio 14
VisualStudioVersion = 14.0.23107.0
MinimumVisualStudioVersion = 10.0.40219.1
Project("{FAE04EC0-301F-11D3-BF4B-00C04F79EFBC}") = "DeviceCenter", "DeviceCenter\DeviceCenter.csproj", "{8E1ABD30-8EF0-4F72-9995-5FA1B8CE6AFB}"
	ProjectSection(ProjectDependencies) = postProject
		{1AC02665-BD6B-46D5-B78C-5C3C04C00E6D} = {1AC02665-BD6B-46D5-B78C-5C3C04C00E6D}
		{EDF0B577-C1BD-4C75-A880-0437C73DB729} = {EDF0B577-C1BD-4C75-A880-0437C73DB729}
	EndProjectSection
EndProject
Project("{8BC9CEB8-8B4A-11D0-8D11-00A0C91BC942}") = "COMOnboarding", "COMOnboarding\COMOnboarding.vcxproj", "{EDF0B577-C1BD-4C75-A880-0437C73DB729}"
EndProject
Project("{8BC9CEB8-8B4A-11D0-8D11-00A0C91BC942}") = "COMOnboardingProxy", "COMOnboardingProxy\COMOnboardingProxy.vcxproj", "{1AC02665-BD6B-46D5-B78C-5C3C04C00E6D}"
	ProjectSection(ProjectDependencies) = postProject
		{EDF0B577-C1BD-4C75-A880-0437C73DB729} = {EDF0B577-C1BD-4C75-A880-0437C73DB729}
	EndProjectSection
EndProject
Project("{FAE04EC0-301F-11D3-BF4B-00C04F79EFBC}") = "IoTOnboardingConsumerWPF", "IoTOnboardingConsumerWPF\IoTOnboardingConsumerWPF.csproj", "{152871CD-041B-4277-BE0F-3BBBC7CC0CC1}"
	ProjectSection(ProjectDependencies) = postProject
		{1AC02665-BD6B-46D5-B78C-5C3C04C00E6D} = {1AC02665-BD6B-46D5-B78C-5C3C04C00E6D}
		{EDF0B577-C1BD-4C75-A880-0437C73DB729} = {EDF0B577-C1BD-4C75-A880-0437C73DB729}
	EndProjectSection
EndProject
Global
	GlobalSection(SolutionConfigurationPlatforms) = preSolution
		Debug|Any CPU = Debug|Any CPU
		Debug|ARM = Debug|ARM
		Debug|x64 = Debug|x64
		Debug|x86 = Debug|x86
		Release|Any CPU = Release|Any CPU
		Release|ARM = Release|ARM
		Release|x64 = Release|x64
		Release|x86 = Release|x86
	EndGlobalSection
	GlobalSection(ProjectConfigurationPlatforms) = postSolution
		{8E1ABD30-8EF0-4F72-9995-5FA1B8CE6AFB}.Debug|Any CPU.ActiveCfg = Debug|Any CPU
		{8E1ABD30-8EF0-4F72-9995-5FA1B8CE6AFB}.Debug|Any CPU.Build.0 = Debug|Any CPU
		{8E1ABD30-8EF0-4F72-9995-5FA1B8CE6AFB}.Debug|ARM.ActiveCfg = Debug|Any CPU
		{8E1ABD30-8EF0-4F72-9995-5FA1B8CE6AFB}.Debug|ARM.Build.0 = Debug|Any CPU
		{8E1ABD30-8EF0-4F72-9995-5FA1B8CE6AFB}.Debug|x64.ActiveCfg = Debug|Any CPU
		{8E1ABD30-8EF0-4F72-9995-5FA1B8CE6AFB}.Debug|x64.Build.0 = Debug|Any CPU
		{8E1ABD30-8EF0-4F72-9995-5FA1B8CE6AFB}.Debug|x86.ActiveCfg = Debug|Any CPU
		{8E1ABD30-8EF0-4F72-9995-5FA1B8CE6AFB}.Debug|x86.Build.0 = Debug|Any CPU
		{8E1ABD30-8EF0-4F72-9995-5FA1B8CE6AFB}.Release|Any CPU.ActiveCfg = Release|Any CPU
		{8E1ABD30-8EF0-4F72-9995-5FA1B8CE6AFB}.Release|Any CPU.Build.0 = Release|Any CPU
		{8E1ABD30-8EF0-4F72-9995-5FA1B8CE6AFB}.Release|ARM.ActiveCfg = Release|Any CPU
		{8E1ABD30-8EF0-4F72-9995-5FA1B8CE6AFB}.Release|ARM.Build.0 = Release|Any CPU
		{8E1ABD30-8EF0-4F72-9995-5FA1B8CE6AFB}.Release|x64.ActiveCfg = Release|Any CPU
		{8E1ABD30-8EF0-4F72-9995-5FA1B8CE6AFB}.Release|x64.Build.0 = Release|Any CPU
		{8E1ABD30-8EF0-4F72-9995-5FA1B8CE6AFB}.Release|x86.ActiveCfg = Debug|Any CPU
		{8E1ABD30-8EF0-4F72-9995-5FA1B8CE6AFB}.Release|x86.Build.0 = Debug|Any CPU
		{EDF0B577-C1BD-4C75-A880-0437C73DB729}.Debug|Any CPU.ActiveCfg = Debug|Win32
		{EDF0B577-C1BD-4C75-A880-0437C73DB729}.Debug|ARM.ActiveCfg = Debug|Win32
		{EDF0B577-C1BD-4C75-A880-0437C73DB729}.Debug|x64.ActiveCfg = Debug|x64
		{EDF0B577-C1BD-4C75-A880-0437C73DB729}.Debug|x64.Build.0 = Debug|x64
		{EDF0B577-C1BD-4C75-A880-0437C73DB729}.Debug|x86.ActiveCfg = Debug|Win32
		{EDF0B577-C1BD-4C75-A880-0437C73DB729}.Debug|x86.Build.0 = Debug|Win32
		{EDF0B577-C1BD-4C75-A880-0437C73DB729}.Release|Any CPU.ActiveCfg = Release|Win32
		{EDF0B577-C1BD-4C75-A880-0437C73DB729}.Release|ARM.ActiveCfg = Release|Win32
		{EDF0B577-C1BD-4C75-A880-0437C73DB729}.Release|x64.ActiveCfg = Release|x64
		{EDF0B577-C1BD-4C75-A880-0437C73DB729}.Release|x64.Build.0 = Release|x64
		{EDF0B577-C1BD-4C75-A880-0437C73DB729}.Release|x86.ActiveCfg = Debug|Win32
		{1AC02665-BD6B-46D5-B78C-5C3C04C00E6D}.Debug|Any CPU.ActiveCfg = Debug|Win32
		{1AC02665-BD6B-46D5-B78C-5C3C04C00E6D}.Debug|ARM.ActiveCfg = Debug|Win32
		{1AC02665-BD6B-46D5-B78C-5C3C04C00E6D}.Debug|x64.ActiveCfg = Debug|x64
		{1AC02665-BD6B-46D5-B78C-5C3C04C00E6D}.Debug|x64.Build.0 = Debug|x64
		{1AC02665-BD6B-46D5-B78C-5C3C04C00E6D}.Debug|x86.ActiveCfg = Debug|Win32
		{1AC02665-BD6B-46D5-B78C-5C3C04C00E6D}.Debug|x86.Build.0 = Debug|Win32
		{1AC02665-BD6B-46D5-B78C-5C3C04C00E6D}.Release|Any CPU.ActiveCfg = Release|Win32
		{1AC02665-BD6B-46D5-B78C-5C3C04C00E6D}.Release|ARM.ActiveCfg = Release|Win32
		{1AC02665-BD6B-46D5-B78C-5C3C04C00E6D}.Release|x64.ActiveCfg = Release|x64
		{1AC02665-BD6B-46D5-B78C-5C3C04C00E6D}.Release|x64.Build.0 = Release|x64
		{1AC02665-BD6B-46D5-B78C-5C3C04C00E6D}.Release|x86.ActiveCfg = Debug|Win32
		{152871CD-041B-4277-BE0F-3BBBC7CC0CC1}.Debug|Any CPU.ActiveCfg = Debug|Any CPU
		{152871CD-041B-4277-BE0F-3BBBC7CC0CC1}.Debug|Any CPU.Build.0 = Debug|Any CPU
		{152871CD-041B-4277-BE0F-3BBBC7CC0CC1}.Debug|ARM.ActiveCfg = Debug|Any CPU
		{152871CD-041B-4277-BE0F-3BBBC7CC0CC1}.Debug|ARM.Build.0 = Debug|Any CPU
		{152871CD-041B-4277-BE0F-3BBBC7CC0CC1}.Debug|x64.ActiveCfg = Debug|Any CPU
		{152871CD-041B-4277-BE0F-3BBBC7CC0CC1}.Debug|x64.Build.0 = Debug|Any CPU
		{152871CD-041B-4277-BE0F-3BBBC7CC0CC1}.Debug|x86.ActiveCfg = Debug|x86
		{152871CD-041B-4277-BE0F-3BBBC7CC0CC1}.Debug|x86.Build.0 = Debug|x86
		{152871CD-041B-4277-BE0F-3BBBC7CC0CC1}.Release|Any CPU.ActiveCfg = Release|Any CPU
		{152871CD-041B-4277-BE0F-3BBBC7CC0CC1}.Release|Any CPU.Build.0 = Release|Any CPU
		{152871CD-041B-4277-BE0F-3BBBC7CC0CC1}.Release|ARM.ActiveCfg = Release|Any CPU
		{152871CD-041B-4277-BE0F-3BBBC7CC0CC1}.Release|ARM.Build.0 = Release|Any CPU
		{152871CD-041B-4277-BE0F-3BBBC7CC0CC1}.Release|x64.ActiveCfg = Release|Any CPU
		{152871CD-041B-4277-BE0F-3BBBC7CC0CC1}.Release|x64.Build.0 = Release|Any CPU
		{152871CD-041B-4277-BE0F-3BBBC7CC0CC1}.Release|x86.ActiveCfg = Debug|x86
		{152871CD-041B-4277-BE0F-3BBBC7CC0CC1}.Release|x86.Build.0 = Debug|x86
	EndGlobalSection
	GlobalSection(SolutionProperties) = preSolution
		HideSolutionNode = FALSE
	EndGlobalSection
EndGlobal
