
Microsoft Visual Studio Solution File, Format Version 12.00
# Visual Studio 14
VisualStudioVersion = 14.0.22823.1
MinimumVisualStudioVersion = 10.0.40219.1
Project("{8BC9CEB8-8B4A-11D0-8D11-00A0C91BC942}") = "DeployAppx", "DeployAppx\DeployAppx.vcxproj", "{FB39E675-F59A-4194-8573-B9EE62E608E8}"
EndProject
Global
	GlobalSection(SolutionConfigurationPlatforms) = preSolution
		Debug|ARM = Debug|ARM
		Debug|x86 = Debug|x86
		Release|ARM = Release|ARM
		Release|x86 = Release|x86
	EndGlobalSection
	GlobalSection(ProjectConfigurationPlatforms) = postSolution
		{FB39E675-F59A-4194-8573-B9EE62E608E8}.Debug|ARM.ActiveCfg = Debug|ARM
		{FB39E675-F59A-4194-8573-B9EE62E608E8}.Debug|ARM.Build.0 = Debug|ARM
		{FB39E675-F59A-4194-8573-B9EE62E608E8}.Debug|x86.ActiveCfg = Debug|Win32
		{FB39E675-F59A-4194-8573-B9EE62E608E8}.Debug|x86.Build.0 = Debug|Win32
		{FB39E675-F59A-4194-8573-B9EE62E608E8}.Release|ARM.ActiveCfg = Release|ARM
		{FB39E675-F59A-4194-8573-B9EE62E608E8}.Release|ARM.Build.0 = Release|ARM
		{FB39E675-F59A-4194-8573-B9EE62E608E8}.Release|x86.ActiveCfg = Release|Win32
		{FB39E675-F59A-4194-8573-B9EE62E608E8}.Release|x86.Build.0 = Release|Win32
	EndGlobalSection
	GlobalSection(SolutionProperties) = preSolution
		HideSolutionNode = FALSE
	EndGlobalSection
EndGlobal
